
Microsoft Visual Studio Solution File, Format Version 12.00
# Visual Studio 15
VisualStudioVersion = 15.0.28307.572
MinimumVisualStudioVersion = 10.0.40219.1
Project("{FAE04EC0-301F-11D3-BF4B-00C04F79EFBC}") = "Axologger.App", "Axologger\Axologger.App.csproj", "{8BBFF724-62E6-4205-A2E5-AB4368605494}"
EndProject
Project("{9A19103F-16F7-4668-BE54-9A1E7A4F7556}") = "Axologger.Lib", "Axologger.Lib\Axologger.Lib.csproj", "{4A43B269-3D63-4056-AA75-3278DE4C6BC3}"
EndProject
Project("{FAE04EC0-301F-11D3-BF4B-00C04F79EFBC}") = "Axologger.Lib.Tests", "Axologger.Lib.Tests\Axologger.Lib.Tests.csproj", "{226CF5EC-8128-4025-9956-5A9A0FA0FAD9}"
EndProject
Global
	GlobalSection(SolutionConfigurationPlatforms) = preSolution
		Debug|Any CPU = Debug|Any CPU
		Release|Any CPU = Release|Any CPU
	EndGlobalSection
	GlobalSection(ProjectConfigurationPlatforms) = postSolution
		{8BBFF724-62E6-4205-A2E5-AB4368605494}.Debug|Any CPU.ActiveCfg = Debug|Any CPU
		{8BBFF724-62E6-4205-A2E5-AB4368605494}.Debug|Any CPU.Build.0 = Debug|Any CPU
		{8BBFF724-62E6-4205-A2E5-AB4368605494}.Release|Any CPU.ActiveCfg = Release|Any CPU
		{8BBFF724-62E6-4205-A2E5-AB4368605494}.Release|Any CPU.Build.0 = Release|Any CPU
		{4A43B269-3D63-4056-AA75-3278DE4C6BC3}.Debug|Any CPU.ActiveCfg = Debug|Any CPU
		{4A43B269-3D63-4056-AA75-3278DE4C6BC3}.Debug|Any CPU.Build.0 = Debug|Any CPU
		{4A43B269-3D63-4056-AA75-3278DE4C6BC3}.Release|Any CPU.ActiveCfg = Release|Any CPU
		{4A43B269-3D63-4056-AA75-3278DE4C6BC3}.Release|Any CPU.Build.0 = Release|Any CPU
		{226CF5EC-8128-4025-9956-5A9A0FA0FAD9}.Debug|Any CPU.ActiveCfg = Debug|Any CPU
		{226CF5EC-8128-4025-9956-5A9A0FA0FAD9}.Debug|Any CPU.Build.0 = Debug|Any CPU
		{226CF5EC-8128-4025-9956-5A9A0FA0FAD9}.Release|Any CPU.ActiveCfg = Release|Any CPU
		{226CF5EC-8128-4025-9956-5A9A0FA0FAD9}.Release|Any CPU.Build.0 = Release|Any CPU
	EndGlobalSection
	GlobalSection(SolutionProperties) = preSolution
		HideSolutionNode = FALSE
	EndGlobalSection
	GlobalSection(ExtensibilityGlobals) = postSolution
		SolutionGuid = {998B1B7D-63CA-47BF-98D2-E04D62C963C7}
	EndGlobalSection
EndGlobal
